// !$*UTF8*$!
{
	archiveVersion = 1;
	classes = {
	};
	objectVersion = 50;
	objects = {

/* Begin PBXFileReference section */
		2A050266265FCDF200C4D89D /* Marlin-2.0.x-currently-installed */ = {isa = PBXFileReference; lastKnownFileType = folder; path = "Marlin-2.0.x-currently-installed"; sourceTree = "<group>"; };
/* End PBXFileReference section */

/* Begin PBXGroup section */
		2A05025F265FCDC300C4D89D = {
			isa = PBXGroup;
			children = (
				2A050266265FCDF200C4D89D /* Marlin-2.0.x-currently-installed */,
			);
			sourceTree = "<group>";
		};
/* End PBXGroup section */

/* Begin PBXProject section */
		2A050260265FCDC300C4D89D /* Project object */ = {
			isa = PBXProject;
			attributes = {
				LastUpgradeCheck = 1000;
			};
			buildConfigurationList = 2A050263265FCDC300C4D89D /* Build configuration list for PBXProject "myMarlin" */;
			compatibilityVersion = "Xcode 9.3";
			developmentRegion = en;
			hasScannedForEncodings = 0;
			knownRegions = (
				en,
			);
			mainGroup = 2A05025F265FCDC300C4D89D;
			projectDirPath = "";
			projectRoot = "";
			targets = (
			);
		};
/* End PBXProject section */

/* Begin XCBuildConfiguration section */
		2A050264265FCDC300C4D89D /* Debug */ = {
			isa = XCBuildConfiguration;
			buildSettings = {
			};
			name = Debug;
		};
		2A050265265FCDC300C4D89D /* Release */ = {
			isa = XCBuildConfiguration;
			buildSettings = {
			};
			name = Release;
		};
/* End XCBuildConfiguration section */

/* Begin XCConfigurationList section */
		2A050263265FCDC300C4D89D /* Build configuration list for PBXProject "myMarlin" */ = {
			isa = XCConfigurationList;
			buildConfigurations = (
				2A050264265FCDC300C4D89D /* Debug */,
				2A050265265FCDC300C4D89D /* Release */,
			);
			defaultConfigurationIsVisible = 0;
			defaultConfigurationName = Release;
		};
/* End XCConfigurationList section */
	};
	rootObject = 2A050260265FCDC300C4D89D /* Project object */;
}
